
Microsoft Visual Studio Solution File, Format Version 12.00
# Visual Studio Version 17
VisualStudioVersion = 17.1.32414.318
MinimumVisualStudioVersion = 10.0.40219.1
Project("{FAE04EC0-301F-11D3-BF4B-00C04F79EFBC}") = "Pruebas_Factorial", "Pruebas_Factorial\Pruebas_Factorial.csproj", "{C7864602-1627-4E27-B312-AE873B8972A9}"
EndProject
Project("{FAE04EC0-301F-11D3-BF4B-00C04F79EFBC}") = "Example_of_TDD", "Example_of_TDD\Example_of_TDD.csproj", "{4E9E57B2-52C3-4176-8A26-CC9AA171BE2D}"
EndProject
Global
	GlobalSection(SolutionConfigurationPlatforms) = preSolution
		Debug|Any CPU = Debug|Any CPU
		Release|Any CPU = Release|Any CPU
	EndGlobalSection
	GlobalSection(ProjectConfigurationPlatforms) = postSolution
		{C7864602-1627-4E27-B312-AE873B8972A9}.Debug|Any CPU.ActiveCfg = Debug|Any CPU
		{C7864602-1627-4E27-B312-AE873B8972A9}.Debug|Any CPU.Build.0 = Debug|Any CPU
		{C7864602-1627-4E27-B312-AE873B8972A9}.Release|Any CPU.ActiveCfg = Release|Any CPU
		{C7864602-1627-4E27-B312-AE873B8972A9}.Release|Any CPU.Build.0 = Release|Any CPU
		{4E9E57B2-52C3-4176-8A26-CC9AA171BE2D}.Debug|Any CPU.ActiveCfg = Debug|Any CPU
		{4E9E57B2-52C3-4176-8A26-CC9AA171BE2D}.Debug|Any CPU.Build.0 = Debug|Any CPU
		{4E9E57B2-52C3-4176-8A26-CC9AA171BE2D}.Release|Any CPU.ActiveCfg = Release|Any CPU
		{4E9E57B2-52C3-4176-8A26-CC9AA171BE2D}.Release|Any CPU.Build.0 = Release|Any CPU
	EndGlobalSection
	GlobalSection(SolutionProperties) = preSolution
		HideSolutionNode = FALSE
	EndGlobalSection
	GlobalSection(ExtensibilityGlobals) = postSolution
		SolutionGuid = {AF6B4406-6541-45BB-B582-1A4F14EEB756}
	EndGlobalSection
EndGlobal
